<?xml version="1.0" encoding="utf-8"?>
<Project ToolsVersion="4.0" xmlns="http://schemas.microsoft.com/developer/msbuild/2003">
  <ItemGroup>
    <Filter Include="Quelldateien">
      <UniqueIdentifier>{4FC737F1-C7A5-4376-A066-2A32D752A2FF}</UniqueIdentifier>
      <Extensions>cpp;c;cc;cxx;c++;cppm;ixx;def;odl;idl;hpj;bat;asm;asmx</Extensions>
    </Filter>
    <Filter Include="Headerdateien">
      <UniqueIdentifier>{93995380-89BD-4b04-88EB-625FBE52EBFB}</UniqueIdentifier>
      <Extensions>h;hh;hpp;hxx;h++;hm;inl;inc;ipp;xsd</Extensions>
    </Filter>
    <Filter Include="Ressourcendateien">
      <UniqueIdentifier>{67DA6AB6-F800-4c08-8B7A-83BB121AAD01}</UniqueIdentifier>
      <Extensions>rc;ico;cur;bmp;dlg;rc2;rct;bin;rgs;gif;jpg;jpeg;jpe;resx;tiff;tif;png;wav;mfcribbon-ms</Extensions>
    </Filter>
  </ItemGroup>
  <ItemGroup>
    <ClCompile Include="main.cpp">
      <Filter>Quelldateien</Filter>
    </ClCompile>
    <ClCompile Include="stb_image.cpp">
      <Filter>Quelldateien</Filter>
    </ClCompile>
    <ClCompile Include="Application.cpp">
      <Filter>Quelldateien</Filter>
    </ClCompile>
    <ClCompile Include="Shader.cpp">
      <Filter>Quelldateien</Filter>
    </ClCompile>
    <ClCompile Include="Mesh.cpp">
      <Filter>Quelldateien</Filter>
    </ClCompile>
    <ClCompile Include="ImGui\imgui.cpp">
      <Filter>Quelldateien</Filter>
    </ClCompile>
    <ClCompile Include="ImGui\imgui_demo.cpp">
      <Filter>Quelldateien</Filter>
    </ClCompile>
    <ClCompile Include="ImGui\imgui_draw.cpp">
      <Filter>Quelldateien</Filter>
    </ClCompile>
    <ClCompile Include="ImGui\imgui_impl_opengl3.cpp">
      <Filter>Quelldateien</Filter>
    </ClCompile>
    <ClCompile Include="ImGui\imgui_impl_sdl2.cpp">
      <Filter>Quelldateien</Filter>
    </ClCompile>
    <ClCompile Include="ImGui\imgui_tables.cpp">
      <Filter>Quelldateien</Filter>
    </ClCompile>
    <ClCompile Include="ImGui\imgui_widgets.cpp">
      <Filter>Quelldateien</Filter>
    </ClCompile>
    <ClCompile Include="Scenes\LightingScene\LightingScene.cpp">
      <Filter>Quelldateien</Filter>
    </ClCompile>
    <ClCompile Include="Scenes\EmptyScene\EmptyScene.cpp">
      <Filter>Quelldateien</Filter>
    </ClCompile>
    <ClCompile Include="Scenes\OtherScene\OtherScene.cpp">
      <Filter>Quelldateien</Filter>
    </ClCompile>
    <ClCompile Include="Scenes\PlanetScene\PlanetScene.cpp">
      <Filter>Quelldateien</Filter>
    </ClCompile>
    <ClCompile Include="Scenes\RaymarchingScene\RaymarchingScene.cpp">
      <Filter>Quelldateien</Filter>
    </ClCompile>
    <ClCompile Include="Scenes\TerrainScene\TerrainScene.cpp">
      <Filter>Quelldateien</Filter>
    </ClCompile>
    <ClCompile Include="Scenes\GrassScene\GrassScene.cpp">
      <Filter>Quelldateien</Filter>
    </ClCompile>
    <ClCompile Include="Scenes\FireworkScene\FireworkScene.cpp">
      <Filter>Quelldateien</Filter>
    </ClCompile>
    <ClCompile Include="Scenes\WaterScene\WaterScene.cpp">
      <Filter>Quelldateien</Filter>
    </ClCompile>
    <ClCompile Include="Scenes\TunnelScene\TunnelScene.cpp">
      <Filter>Quelldateien</Filter>
    </ClCompile>
    <ClCompile Include="GLWindow.cpp">
      <Filter>Quelldateien</Filter>
    </ClCompile>
    <ClCompile Include="Scenes\CustomScene\CustomScene.cpp">
      <Filter>Quelldateien</Filter>
    </ClCompile>
    <ClCompile Include="ImGui\imnodes.cpp">
      <Filter>Quelldateien</Filter>
    </ClCompile>
    <ClCompile Include="Scenes\NodeScene\NodeScene.cpp">
      <Filter>Quelldateien</Filter>
    </ClCompile>
  </ItemGroup>
  <ItemGroup>
    <ClInclude Include="stb_image.h">
      <Filter>Headerdateien</Filter>
    </ClInclude>
    <ClInclude Include="Application.h">
      <Filter>Headerdateien</Filter>
    </ClInclude>
    <ClInclude Include="MeshData.h">
      <Filter>Headerdateien</Filter>
    </ClInclude>
    <ClInclude Include="Shader.h">
      <Filter>Headerdateien</Filter>
    </ClInclude>
    <ClInclude Include="Mesh.h">
      <Filter>Headerdateien</Filter>
    </ClInclude>
    <ClInclude Include="ImGui\imconfig.h">
      <Filter>Headerdateien</Filter>
    </ClInclude>
    <ClInclude Include="ImGui\imgui.h">
      <Filter>Headerdateien</Filter>
    </ClInclude>
    <ClInclude Include="ImGui\imgui_impl_opengl3.h">
      <Filter>Headerdateien</Filter>
    </ClInclude>
    <ClInclude Include="ImGui\imgui_impl_opengl3_loader.h">
      <Filter>Headerdateien</Filter>
    </ClInclude>
    <ClInclude Include="ImGui\imgui_impl_sdl2.h">
      <Filter>Headerdateien</Filter>
    </ClInclude>
    <ClInclude Include="ImGui\imgui_internal.h">
      <Filter>Headerdateien</Filter>
    </ClInclude>
    <ClInclude Include="ImGui\imstb_rectpack.h">
      <Filter>Headerdateien</Filter>
    </ClInclude>
    <ClInclude Include="ImGui\imstb_textedit.h">
      <Filter>Headerdateien</Filter>
    </ClInclude>
    <ClInclude Include="ImGui\imstb_truetype.h">
      <Filter>Headerdateien</Filter>
    </ClInclude>
    <ClInclude Include="Scenes\Scene.h">
      <Filter>Headerdateien</Filter>
    </ClInclude>
    <ClInclude Include="Scenes\LightingScene\LightingScene.h">
      <Filter>Headerdateien</Filter>
    </ClInclude>
    <ClInclude Include="Scenes\EmptyScene\EmptyScene.h">
      <Filter>Headerdateien</Filter>
    </ClInclude>
    <ClInclude Include="Scenes\OtherScene\OtherScene.h">
      <Filter>Headerdateien</Filter>
    </ClInclude>
    <ClInclude Include="Scenes\PlanetScene\PlanetScene.h">
      <Filter>Headerdateien</Filter>
    </ClInclude>
    <ClInclude Include="Scenes\RaymarchingScene\RaymarchingScene.h">
      <Filter>Headerdateien</Filter>
    </ClInclude>
    <ClInclude Include="Scenes\TerrainScene\TerrainScene.h">
      <Filter>Headerdateien</Filter>
    </ClInclude>
    <ClInclude Include="Scenes\GrassScene\GrassScene.h">
      <Filter>Headerdateien</Filter>
    </ClInclude>
    <ClInclude Include="Scenes\FireworkScene\FireworkScene.h">
      <Filter>Headerdateien</Filter>
    </ClInclude>
    <ClInclude Include="Scenes\WaterScene\WaterScene.h">
      <Filter>Headerdateien</Filter>
    </ClInclude>
    <ClInclude Include="Scenes\TunnelScene\TunnelScene.h">
      <Filter>Headerdateien</Filter>
    </ClInclude>
    <ClInclude Include="GLWindow.h">
      <Filter>Headerdateien</Filter>
    </ClInclude>
    <ClInclude Include="ICameraControl.h">
      <Filter>Headerdateien</Filter>
    </ClInclude>
    <ClInclude Include="Scenes\CustomScene\CustomScene.h">
      <Filter>Headerdateien</Filter>
    </ClInclude>
    <ClInclude Include="UIConfig.h">
      <Filter>Headerdateien</Filter>
    </ClInclude>
    <ClInclude Include="ImGui\imnodes.h">
      <Filter>Headerdateien</Filter>
    </ClInclude>
    <ClInclude Include="ImGui\imnodes_internal.h">
      <Filter>Headerdateien</Filter>
    </ClInclude>
    <ClInclude Include="Scenes\NodeScene\NodeScene.h">
      <Filter>Headerdateien</Filter>
    </ClInclude>
    <ClInclude Include="Scenes\NodeModel.h">
      <Filter>Headerdateien</Filter>
    </ClInclude>
  </ItemGroup>
  <ItemGroup>
    <None Include="Shader\Standard\standardShader.vert" />
    <None Include="Shader\Standard\standardShader.frag" />
    <None Include="Shader\Lighting\lightingShader.vert" />
    <None Include="Shader\Lighting\lightingShader.frag" />
    <None Include="Shader\Noise\noiseShader.vert" />
    <None Include="Shader\Noise\noiseShader.frag" />
    <None Include="Shader\Planet\planetShader.vert" />
    <None Include="Shader\Planet\planetShader.frag" />
    <None Include="Shader\Raymarching\raymarchShader.vert" />
    <None Include="Shader\Raymarching\raymarchShader.frag" />
    <None Include="Shader\Terrain\terrainShader.vert" />
    <None Include="Shader\Terrain\terrainShader.frag" />
    <None Include="Shader\Grass\grassShader.vert" />
    <None Include="Shader\Grass\grassShader.frag" />
    <None Include="Shader\Firework\fireworkShader.vert" />
    <None Include="Shader\Firework\fireworkShader.frag" />
    <None Include="Shader\Water\waterShader.vert" />
    <None Include="Shader\Water\waterShader.frag" />
    <None Include="Shader\Tunnel\tunnelShader.vert" />
    <None Include="Shader\Tunnel\tunnelShader.frag" />
    <None Include="Shader\Custom\customShader.vert" />
    <None Include="Shader\Custom\customShader.frag" />
    <None Include="Shader\Custom\customDefault.frag" />
  </ItemGroup>
  <ItemGroup>
    <Text Include="ImGui\LICENSE.txt" />
  </ItemGroup>
</Project>